// !$*UTF8*$!
{
	archiveVersion = 1;
	classes = {
	};
	objectVersion = 46;
	objects = {

/* Begin PBXBuildFile section */
		BC52C63F18D74AA200ED1D3A /* Foundation.framework in Frameworks */ = {isa = PBXBuildFile; fileRef = BC52C63E18D74AA200ED1D3A /* Foundation.framework */; };
		BC52C64118D74AA200ED1D3A /* CoreGraphics.framework in Frameworks */ = {isa = PBXBuildFile; fileRef = BC52C64018D74AA200ED1D3A /* CoreGraphics.framework */; };
		BC52C64318D74AA200ED1D3A /* UIKit.framework in Frameworks */ = {isa = PBXBuildFile; fileRef = BC52C64218D74AA200ED1D3A /* UIKit.framework */; };
		BC52C64918D74AA200ED1D3A /* InfoPlist.strings in Resources */ = {isa = PBXBuildFile; fileRef = BC52C64718D74AA200ED1D3A /* InfoPlist.strings */; };
		BC52C64B18D74AA200ED1D3A /* main.m in Sources */ = {isa = PBXBuildFile; fileRef = BC52C64A18D74AA200ED1D3A /* main.m */; };
		BC52C64F18D74AA200ED1D3A /* MyCameraAppDelegate.m in Sources */ = {isa = PBXBuildFile; fileRef = BC52C64E18D74AA200ED1D3A /* MyCameraAppDelegate.m */; };
		BC52C65218D74AA200ED1D3A /* Main_iPhone.storyboard in Resources */ = {isa = PBXBuildFile; fileRef = BC52C65018D74AA200ED1D3A /* Main_iPhone.storyboard */; };
		BC52C65518D74AA200ED1D3A /* Main_iPad.storyboard in Resources */ = {isa = PBXBuildFile; fileRef = BC52C65318D74AA200ED1D3A /* Main_iPad.storyboard */; };
		BC52C65818D74AA200ED1D3A /* MyCameraViewController.m in Sources */ = {isa = PBXBuildFile; fileRef = BC52C65718D74AA200ED1D3A /* MyCameraViewController.m */; };
		BC52C65A18D74AA200ED1D3A /* Images.xcassets in Resources */ = {isa = PBXBuildFile; fileRef = BC52C65918D74AA200ED1D3A /* Images.xcassets */; };
		BC52C66118D74AA200ED1D3A /* XCTest.framework in Frameworks */ = {isa = PBXBuildFile; fileRef = BC52C66018D74AA200ED1D3A /* XCTest.framework */; };
		BC52C66218D74AA200ED1D3A /* Foundation.framework in Frameworks */ = {isa = PBXBuildFile; fileRef = BC52C63E18D74AA200ED1D3A /* Foundation.framework */; };
		BC52C66318D74AA200ED1D3A /* UIKit.framework in Frameworks */ = {isa = PBXBuildFile; fileRef = BC52C64218D74AA200ED1D3A /* UIKit.framework */; };
		BC52C66B18D74AA200ED1D3A /* InfoPlist.strings in Resources */ = {isa = PBXBuildFile; fileRef = BC52C66918D74AA200ED1D3A /* InfoPlist.strings */; };
		BC52C66D18D74AA200ED1D3A /* MyCameraTests.m in Sources */ = {isa = PBXBuildFile; fileRef = BC52C66C18D74AA200ED1D3A /* MyCameraTests.m */; };
/* End PBXBuildFile section */

/* Begin PBXContainerItemProxy section */
		BC52C66418D74AA200ED1D3A /* PBXContainerItemProxy */ = {
			isa = PBXContainerItemProxy;
			containerPortal = BC52C63318D74AA200ED1D3A /* Project object */;
			proxyType = 1;
			remoteGlobalIDString = BC52C63A18D74AA200ED1D3A;
			remoteInfo = MyCamera;
		};
/* End PBXContainerItemProxy section */

/* Begin PBXFileReference section */
		BC52C63B18D74AA200ED1D3A /* MyCamera.app */ = {isa = PBXFileReference; explicitFileType = wrapper.application; includeInIndex = 0; path = MyCamera.app; sourceTree = BUILT_PRODUCTS_DIR; };
		BC52C63E18D74AA200ED1D3A /* Foundation.framework */ = {isa = PBXFileReference; lastKnownFileType = wrapper.framework; name = Foundation.framework; path = System/Library/Frameworks/Foundation.framework; sourceTree = SDKROOT; };
		BC52C64018D74AA200ED1D3A /* CoreGraphics.framework */ = {isa = PBXFileReference; lastKnownFileType = wrapper.framework; name = CoreGraphics.framework; path = System/Library/Frameworks/CoreGraphics.framework; sourceTree = SDKROOT; };
		BC52C64218D74AA200ED1D3A /* UIKit.framework */ = {isa = PBXFileReference; lastKnownFileType = wrapper.framework; name = UIKit.framework; path = System/Library/Frameworks/UIKit.framework; sourceTree = SDKROOT; };
		BC52C64618D74AA200ED1D3A /* MyCamera-Info.plist */ = {isa = PBXFileReference; lastKnownFileType = text.plist.xml; path = "MyCamera-Info.plist"; sourceTree = "<group>"; };
		BC52C64818D74AA200ED1D3A /* en */ = {isa = PBXFileReference; lastKnownFileType = text.plist.strings; name = en; path = en.lproj/InfoPlist.strings; sourceTree = "<group>"; };
		BC52C64A18D74AA200ED1D3A /* main.m */ = {isa = PBXFileReference; lastKnownFileType = sourcecode.c.objc; path = main.m; sourceTree = "<group>"; };
		BC52C64C18D74AA200ED1D3A /* MyCamera-Prefix.pch */ = {isa = PBXFileReference; lastKnownFileType = sourcecode.c.h; path = "MyCamera-Prefix.pch"; sourceTree = "<group>"; };
		BC52C64D18D74AA200ED1D3A /* MyCameraAppDelegate.h */ = {isa = PBXFileReference; lastKnownFileType = sourcecode.c.h; path = MyCameraAppDelegate.h; sourceTree = "<group>"; };
		BC52C64E18D74AA200ED1D3A /* MyCameraAppDelegate.m */ = {isa = PBXFileReference; lastKnownFileType = sourcecode.c.objc; path = MyCameraAppDelegate.m; sourceTree = "<group>"; };
		BC52C65118D74AA200ED1D3A /* Base */ = {isa = PBXFileReference; lastKnownFileType = file.storyboard; name = Base; path = Base.lproj/Main_iPhone.storyboard; sourceTree = "<group>"; };
		BC52C65418D74AA200ED1D3A /* Base */ = {isa = PBXFileReference; lastKnownFileType = file.storyboard; name = Base; path = Base.lproj/Main_iPad.storyboard; sourceTree = "<group>"; };
		BC52C65618D74AA200ED1D3A /* MyCameraViewController.h */ = {isa = PBXFileReference; lastKnownFileType = sourcecode.c.h; path = MyCameraViewController.h; sourceTree = "<group>"; };
		BC52C65718D74AA200ED1D3A /* MyCameraViewController.m */ = {isa = PBXFileReference; lastKnownFileType = sourcecode.c.objc; path = MyCameraViewController.m; sourceTree = "<group>"; };
		BC52C65918D74AA200ED1D3A /* Images.xcassets */ = {isa = PBXFileReference; lastKnownFileType = folder.assetcatalog; path = Images.xcassets; sourceTree = "<group>"; };
		BC52C65F18D74AA200ED1D3A /* MyCameraTests.xctest */ = {isa = PBXFileReference; explicitFileType = wrapper.cfbundle; includeInIndex = 0; path = MyCameraTests.xctest; sourceTree = BUILT_PRODUCTS_DIR; };
		BC52C66018D74AA200ED1D3A /* XCTest.framework */ = {isa = PBXFileReference; lastKnownFileType = wrapper.framework; name = XCTest.framework; path = Library/Frameworks/XCTest.framework; sourceTree = DEVELOPER_DIR; };
		BC52C66818D74AA200ED1D3A /* MyCameraTests-Info.plist */ = {isa = PBXFileReference; lastKnownFileType = text.plist.xml; path = "MyCameraTests-Info.plist"; sourceTree = "<group>"; };
		BC52C66A18D74AA200ED1D3A /* en */ = {isa = PBXFileReference; lastKnownFileType = text.plist.strings; name = en; path = en.lproj/InfoPlist.strings; sourceTree = "<group>"; };
		BC52C66C18D74AA200ED1D3A /* MyCameraTests.m */ = {isa = PBXFileReference; lastKnownFileType = sourcecode.c.objc; path = MyCameraTests.m; sourceTree = "<group>"; };
/* End PBXFileReference section */

/* Begin PBXFrameworksBuildPhase section */
		BC52C63818D74AA200ED1D3A /* Frameworks */ = {
			isa = PBXFrameworksBuildPhase;
			buildActionMask = 2147483647;
			files = (
				BC52C64118D74AA200ED1D3A /* CoreGraphics.framework in Frameworks */,
				BC52C64318D74AA200ED1D3A /* UIKit.framework in Frameworks */,
				BC52C63F18D74AA200ED1D3A /* Foundation.framework in Frameworks */,
			);
			runOnlyForDeploymentPostprocessing = 0;
		};
		BC52C65C18D74AA200ED1D3A /* Frameworks */ = {
			isa = PBXFrameworksBuildPhase;
			buildActionMask = 2147483647;
			files = (
				BC52C66118D74AA200ED1D3A /* XCTest.framework in Frameworks */,
				BC52C66318D74AA200ED1D3A /* UIKit.framework in Frameworks */,
				BC52C66218D74AA200ED1D3A /* Foundation.framework in Frameworks */,
			);
			runOnlyForDeploymentPostprocessing = 0;
		};
/* End PBXFrameworksBuildPhase section */

/* Begin PBXGroup section */
		BC52C63218D74AA200ED1D3A = {
			isa = PBXGroup;
			children = (
				BC52C64418D74AA200ED1D3A /* MyCamera */,
				BC52C66618D74AA200ED1D3A /* MyCameraTests */,
				BC52C63D18D74AA200ED1D3A /* Frameworks */,
				BC52C63C18D74AA200ED1D3A /* Products */,
			);
			sourceTree = "<group>";
		};
		BC52C63C18D74AA200ED1D3A /* Products */ = {
			isa = PBXGroup;
			children = (
				BC52C63B18D74AA200ED1D3A /* MyCamera.app */,
				BC52C65F18D74AA200ED1D3A /* MyCameraTests.xctest */,
			);
			name = Products;
			sourceTree = "<group>";
		};
		BC52C63D18D74AA200ED1D3A /* Frameworks */ = {
			isa = PBXGroup;
			children = (
				BC52C63E18D74AA200ED1D3A /* Foundation.framework */,
				BC52C64018D74AA200ED1D3A /* CoreGraphics.framework */,
				BC52C64218D74AA200ED1D3A /* UIKit.framework */,
				BC52C66018D74AA200ED1D3A /* XCTest.framework */,
			);
			name = Frameworks;
			sourceTree = "<group>";
		};
		BC52C64418D74AA200ED1D3A /* MyCamera */ = {
			isa = PBXGroup;
			children = (
				BC52C64D18D74AA200ED1D3A /* MyCameraAppDelegate.h */,
				BC52C64E18D74AA200ED1D3A /* MyCameraAppDelegate.m */,
				BC52C65018D74AA200ED1D3A /* Main_iPhone.storyboard */,
				BC52C65318D74AA200ED1D3A /* Main_iPad.storyboard */,
				BC52C65618D74AA200ED1D3A /* MyCameraViewController.h */,
				BC52C65718D74AA200ED1D3A /* MyCameraViewController.m */,
				BC52C65918D74AA200ED1D3A /* Images.xcassets */,
				BC52C64518D74AA200ED1D3A /* Supporting Files */,
			);
			path = MyCamera;
			sourceTree = "<group>";
		};
		BC52C64518D74AA200ED1D3A /* Supporting Files */ = {
			isa = PBXGroup;
			children = (
				BC52C64618D74AA200ED1D3A /* MyCamera-Info.plist */,
				BC52C64718D74AA200ED1D3A /* InfoPlist.strings */,
				BC52C64A18D74AA200ED1D3A /* main.m */,
				BC52C64C18D74AA200ED1D3A /* MyCamera-Prefix.pch */,
			);
			name = "Supporting Files";
			sourceTree = "<group>";
		};
		BC52C66618D74AA200ED1D3A /* MyCameraTests */ = {
			isa = PBXGroup;
			children = (
				BC52C66C18D74AA200ED1D3A /* MyCameraTests.m */,
				BC52C66718D74AA200ED1D3A /* Supporting Files */,
			);
			path = MyCameraTests;
			sourceTree = "<group>";
		};
		BC52C66718D74AA200ED1D3A /* Supporting Files */ = {
			isa = PBXGroup;
			children = (
				BC52C66818D74AA200ED1D3A /* MyCameraTests-Info.plist */,
				BC52C66918D74AA200ED1D3A /* InfoPlist.strings */,
			);
			name = "Supporting Files";
			sourceTree = "<group>";
		};
/* End PBXGroup section */

/* Begin PBXNativeTarget section */
		BC52C63A18D74AA200ED1D3A /* MyCamera */ = {
			isa = PBXNativeTarget;
			buildConfigurationList = BC52C67018D74AA200ED1D3A /* Build configuration list for PBXNativeTarget "MyCamera" */;
			buildPhases = (
				BC52C63718D74AA200ED1D3A /* Sources */,
				BC52C63818D74AA200ED1D3A /* Frameworks */,
				BC52C63918D74AA200ED1D3A /* Resources */,
			);
			buildRules = (
			);
			dependencies = (
			);
			name = MyCamera;
			productName = MyCamera;
			productReference = BC52C63B18D74AA200ED1D3A /* MyCamera.app */;
			productType = "com.apple.product-type.application";
		};
		BC52C65E18D74AA200ED1D3A /* MyCameraTests */ = {
			isa = PBXNativeTarget;
			buildConfigurationList = BC52C67318D74AA200ED1D3A /* Build configuration list for PBXNativeTarget "MyCameraTests" */;
			buildPhases = (
				BC52C65B18D74AA200ED1D3A /* Sources */,
				BC52C65C18D74AA200ED1D3A /* Frameworks */,
				BC52C65D18D74AA200ED1D3A /* Resources */,
			);
			buildRules = (
			);
			dependencies = (
				BC52C66518D74AA200ED1D3A /* PBXTargetDependency */,
			);
			name = MyCameraTests;
			productName = MyCameraTests;
			productReference = BC52C65F18D74AA200ED1D3A /* MyCameraTests.xctest */;
			productType = "com.apple.product-type.bundle.unit-test";
		};
/* End PBXNativeTarget section */

/* Begin PBXProject section */
		BC52C63318D74AA200ED1D3A /* Project object */ = {
			isa = PBXProject;
			attributes = {
				CLASSPREFIX = MyCamera;
				LastUpgradeCheck = 0510;
				ORGANIZATIONNAME = wonliao;
				TargetAttributes = {
					BC52C65E18D74AA200ED1D3A = {
						TestTargetID = BC52C63A18D74AA200ED1D3A;
					};
				};
			};
			buildConfigurationList = BC52C63618D74AA200ED1D3A /* Build configuration list for PBXProject "MyCamera" */;
			compatibilityVersion = "Xcode 3.2";
			developmentRegion = English;
			hasScannedForEncodings = 0;
			knownRegions = (
				en,
				Base,
			);
			mainGroup = BC52C63218D74AA200ED1D3A;
			productRefGroup = BC52C63C18D74AA200ED1D3A /* Products */;
			projectDirPath = "";
			projectRoot = "";
			targets = (
				BC52C63A18D74AA200ED1D3A /* MyCamera */,
				BC52C65E18D74AA200ED1D3A /* MyCameraTests */,
			);
		};
/* End PBXProject section */

/* Begin PBXResourcesBuildPhase section */
		BC52C63918D74AA200ED1D3A /* Resources */ = {
			isa = PBXResourcesBuildPhase;
			buildActionMask = 2147483647;
			files = (
				BC52C65518D74AA200ED1D3A /* Main_iPad.storyboard in Resources */,
				BC52C65A18D74AA200ED1D3A /* Images.xcassets in Resources */,
				BC52C65218D74AA200ED1D3A /* Main_iPhone.storyboard in Resources */,
				BC52C64918D74AA200ED1D3A /* InfoPlist.strings in Resources */,
			);
			runOnlyForDeploymentPostprocessing = 0;
		};
		BC52C65D18D74AA200ED1D3A /* Resources */ = {
			isa = PBXResourcesBuildPhase;
			buildActionMask = 2147483647;
			files = (
				BC52C66B18D74AA200ED1D3A /* InfoPlist.strings in Resources */,
			);
			runOnlyForDeploymentPostprocessing = 0;
		};
/* End PBXResourcesBuildPhase section */

/* Begin PBXSourcesBuildPhase section */
		BC52C63718D74AA200ED1D3A /* Sources */ = {
			isa = PBXSourcesBuildPhase;
			buildActionMask = 2147483647;
			files = (
				BC52C64B18D74AA200ED1D3A /* main.m in Sources */,
				BC52C65818D74AA200ED1D3A /* MyCameraViewController.m in Sources */,
				BC52C64F18D74AA200ED1D3A /* MyCameraAppDelegate.m in Sources */,
			);
			runOnlyForDeploymentPostprocessing = 0;
		};
		BC52C65B18D74AA200ED1D3A /* Sources */ = {
			isa = PBXSourcesBuildPhase;
			buildActionMask = 2147483647;
			files = (
				BC52C66D18D74AA200ED1D3A /* MyCameraTests.m in Sources */,
			);
			runOnlyForDeploymentPostprocessing = 0;
		};
/* End PBXSourcesBuildPhase section */

/* Begin PBXTargetDependency section */
		BC52C66518D74AA200ED1D3A /* PBXTargetDependency */ = {
			isa = PBXTargetDependency;
			target = BC52C63A18D74AA200ED1D3A /* MyCamera */;
			targetProxy = BC52C66418D74AA200ED1D3A /* PBXContainerItemProxy */;
		};
/* End PBXTargetDependency section */

/* Begin PBXVariantGroup section */
		BC52C64718D74AA200ED1D3A /* InfoPlist.strings */ = {
			isa = PBXVariantGroup;
			children = (
				BC52C64818D74AA200ED1D3A /* en */,
			);
			name = InfoPlist.strings;
			sourceTree = "<group>";
		};
		BC52C65018D74AA200ED1D3A /* Main_iPhone.storyboard */ = {
			isa = PBXVariantGroup;
			children = (
				BC52C65118D74AA200ED1D3A /* Base */,
			);
			name = Main_iPhone.storyboard;
			sourceTree = "<group>";
		};
		BC52C65318D74AA200ED1D3A /* Main_iPad.storyboard */ = {
			isa = PBXVariantGroup;
			children = (
				BC52C65418D74AA200ED1D3A /* Base */,
			);
			name = Main_iPad.storyboard;
			sourceTree = "<group>";
		};
		BC52C66918D74AA200ED1D3A /* InfoPlist.strings */ = {
			isa = PBXVariantGroup;
			children = (
				BC52C66A18D74AA200ED1D3A /* en */,
			);
			name = InfoPlist.strings;
			sourceTree = "<group>";
		};
/* End PBXVariantGroup section */

/* Begin XCBuildConfiguration section */
		BC52C66E18D74AA200ED1D3A /* Debug */ = {
			isa = XCBuildConfiguration;
			buildSettings = {
				ALWAYS_SEARCH_USER_PATHS = NO;
				CLANG_CXX_LANGUAGE_STANDARD = "gnu++0x";
				CLANG_CXX_LIBRARY = "libc++";
				CLANG_ENABLE_MODULES = YES;
				CLANG_ENABLE_OBJC_ARC = YES;
				CLANG_WARN_BOOL_CONVERSION = YES;
				CLANG_WARN_CONSTANT_CONVERSION = YES;
				CLANG_WARN_DIRECT_OBJC_ISA_USAGE = YES_ERROR;
				CLANG_WARN_EMPTY_BODY = YES;
				CLANG_WARN_ENUM_CONVERSION = YES;
				CLANG_WARN_INT_CONVERSION = YES;
				CLANG_WARN_OBJC_ROOT_CLASS = YES_ERROR;
				CLANG_WARN__DUPLICATE_METHOD_MATCH = YES;
				"CODE_SIGN_IDENTITY[sdk=iphoneos*]" = "iPhone Developer";
				COPY_PHASE_STRIP = NO;
				GCC_C_LANGUAGE_STANDARD = gnu99;
				GCC_DYNAMIC_NO_PIC = NO;
				GCC_OPTIMIZATION_LEVEL = 0;
				GCC_PREPROCESSOR_DEFINITIONS = (
					"DEBUG=1",
					"$(inherited)",
				);
				GCC_SYMBOLS_PRIVATE_EXTERN = NO;
				GCC_WARN_64_TO_32_BIT_CONVERSION = YES;
				GCC_WARN_ABOUT_RETURN_TYPE = YES_ERROR;
				GCC_WARN_UNDECLARED_SELECTOR = YES;
				GCC_WARN_UNINITIALIZED_AUTOS = YES_AGGRESSIVE;
				GCC_WARN_UNUSED_FUNCTION = YES;
				GCC_WARN_UNUSED_VARIABLE = YES;
				IPHONEOS_DEPLOYMENT_TARGET = 6.1;
				ONLY_ACTIVE_ARCH = YES;
				SDKROOT = iphoneos;
				TARGETED_DEVICE_FAMILY = "1,2";
			};
			name = Debug;
		};
		BC52C66F18D74AA200ED1D3A /* Release */ = {
			isa = XCBuildConfiguration;
			buildSettings = {
				ALWAYS_SEARCH_USER_PATHS = NO;
				CLANG_CXX_LANGUAGE_STANDARD = "gnu++0x";
				CLANG_CXX_LIBRARY = "libc++";
				CLANG_ENABLE_MODULES = YES;
				CLANG_ENABLE_OBJC_ARC = YES;
				CLANG_WARN_BOOL_CONVERSION = YES;
				CLANG_WARN_CONSTANT_CONVERSION = YES;
				CLANG_WARN_DIRECT_OBJC_ISA_USAGE = YES_ERROR;
				CLANG_WARN_EMPTY_BODY = YES;
				CLANG_WARN_ENUM_CONVERSION = YES;
				CLANG_WARN_INT_CONVERSION = YES;
				CLANG_WARN_OBJC_ROOT_CLASS = YES_ERROR;
				CLANG_WARN__DUPLICATE_METHOD_MATCH = YES;
				"CODE_SIGN_IDENTITY[sdk=iphoneos*]" = "iPhone Developer";
				COPY_PHASE_STRIP = YES;
				ENABLE_NS_ASSERTIONS = NO;
				GCC_C_LANGUAGE_STANDARD = gnu99;
				GCC_WARN_64_TO_32_BIT_CONVERSION = YES;
				GCC_WARN_ABOUT_RETURN_TYPE = YES_ERROR;
				GCC_WARN_UNDECLARED_SELECTOR = YES;
				GCC_WARN_UNINITIALIZED_AUTOS = YES_AGGRESSIVE;
				GCC_WARN_UNUSED_FUNCTION = YES;
				GCC_WARN_UNUSED_VARIABLE = YES;
				IPHONEOS_DEPLOYMENT_TARGET = 6.1;
				SDKROOT = iphoneos;
				TARGETED_DEVICE_FAMILY = "1,2";
				VALIDATE_PRODUCT = YES;
			};
			name = Release;
		};
		BC52C67118D74AA200ED1D3A /* Debug */ = {
			isa = XCBuildConfiguration;
			buildSettings = {
				ASSETCATALOG_COMPILER_APPICON_NAME = AppIcon;
				ASSETCATALOG_COMPILER_LAUNCHIMAGE_NAME = LaunchImage;
				GCC_PRECOMPILE_PREFIX_HEADER = YES;
				GCC_PREFIX_HEADER = "MyCamera/MyCamera-Prefix.pch";
				INFOPLIST_FILE = "MyCamera/MyCamera-Info.plist";
				IPHONEOS_DEPLOYMENT_TARGET = 6.1;
				PRODUCT_NAME = "$(TARGET_NAME)";
				WRAPPER_EXTENSION = app;
			};
			name = Debug;
		};
		BC52C67218D74AA200ED1D3A /* Release */ = {
			isa = XCBuildConfiguration;
			buildSettings = {
				ASSETCATALOG_COMPILER_APPICON_NAME = AppIcon;
				ASSETCATALOG_COMPILER_LAUNCHIMAGE_NAME = LaunchImage;
				GCC_PRECOMPILE_PREFIX_HEADER = YES;
				GCC_PREFIX_HEADER = "MyCamera/MyCamera-Prefix.pch";
				INFOPLIST_FILE = "MyCamera/MyCamera-Info.plist";
				IPHONEOS_DEPLOYMENT_TARGET = 6.1;
				PRODUCT_NAME = "$(TARGET_NAME)";
				WRAPPER_EXTENSION = app;
			};
			name = Release;
		};
		BC52C67418D74AA200ED1D3A /* Debug */ = {
			isa = XCBuildConfiguration;
			buildSettings = {
				BUNDLE_LOADER = "$(BUILT_PRODUCTS_DIR)/MyCamera.app/MyCamera";
				FRAMEWORK_SEARCH_PATHS = (
					"$(SDKROOT)/Developer/Library/Frameworks",
					"$(inherited)",
					"$(DEVELOPER_FRAMEWORKS_DIR)",
				);
				GCC_PRECOMPILE_PREFIX_HEADER = YES;
				GCC_PREFIX_HEADER = "MyCamera/MyCamera-Prefix.pch";
				GCC_PREPROCESSOR_DEFINITIONS = (
					"DEBUG=1",
					"$(inherited)",
				);
				INFOPLIST_FILE = "MyCameraTests/MyCameraTests-Info.plist";
				PRODUCT_NAME = "$(TARGET_NAME)";
				TEST_HOST = "$(BUNDLE_LOADER)";
				WRAPPER_EXTENSION = xctest;
			};
			name = Debug;
		};
		BC52C67518D74AA200ED1D3A /* Release */ = {
			isa = XCBuildConfiguration;
			buildSettings = {
				BUNDLE_LOADER = "$(BUILT_PRODUCTS_DIR)/MyCamera.app/MyCamera";
				FRAMEWORK_SEARCH_PATHS = (
					"$(SDKROOT)/Developer/Library/Frameworks",
					"$(inherited)",
					"$(DEVELOPER_FRAMEWORKS_DIR)",
				);
				GCC_PRECOMPILE_PREFIX_HEADER = YES;
				GCC_PREFIX_HEADER = "MyCamera/MyCamera-Prefix.pch";
				INFOPLIST_FILE = "MyCameraTests/MyCameraTests-Info.plist";
				PRODUCT_NAME = "$(TARGET_NAME)";
				TEST_HOST = "$(BUNDLE_LOADER)";
				WRAPPER_EXTENSION = xctest;
			};
			name = Release;
		};
/* End XCBuildConfiguration section */

/* Begin XCConfigurationList section */
		BC52C63618D74AA200ED1D3A /* Build configuration list for PBXProject "MyCamera" */ = {
			isa = XCConfigurationList;
			buildConfigurations = (
				BC52C66E18D74AA200ED1D3A /* Debug */,
				BC52C66F18D74AA200ED1D3A /* Release */,
			);
			defaultConfigurationIsVisible = 0;
			defaultConfigurationName = Release;
		};
		BC52C67018D74AA200ED1D3A /* Build configuration list for PBXNativeTarget "MyCamera" */ = {
			isa = XCConfigurationList;
			buildConfigurations = (
				BC52C67118D74AA200ED1D3A /* Debug */,
				BC52C67218D74AA200ED1D3A /* Release */,
			);
			defaultConfigurationIsVisible = 0;
		};
		BC52C67318D74AA200ED1D3A /* Build configuration list for PBXNativeTarget "MyCameraTests" */ = {
			isa = XCConfigurationList;
			buildConfigurations = (
				BC52C67418D74AA200ED1D3A /* Debug */,
				BC52C67518D74AA200ED1D3A /* Release */,
			);
			defaultConfigurationIsVisible = 0;
		};
/* End XCConfigurationList section */
	};
	rootObject = BC52C63318D74AA200ED1D3A /* Project object */;
}
